# THIS IS AN AUTOGENERATED FILE. DO NOT EDIT THIS FILE DIRECTLY.
# yarn lockfile v1


use-long-press@^1.0.5:
  version "1.0.5"
  resolved "https://registry.yarnpkg.com/use-long-press/-/use-long-press-1.0.5.tgz#b5e3ac557342421ff60313d41b0c3c1c2ae55ca0"
  integrity sha512-8KxGqU0m0BeTbmk3LLNUUA3okO0v59D6mwAlxByViT94vIvW3/CASOM8ZFQLfHvizF2Zr94LEg7kzo8Coi6Qjw==
